{
  "pins" : [
    {
      "identity" : "unsplashswiftui",
      "kind" : "remoteSourceControl",
      "location" : "https://github.com/ArnavMotwani/UnsplashSwiftUI",
      "state" : {
        "branch" : "main",
        "revision" : "65b7f920e9c77a471505636c7ec743e0715e5559"
      }
    }
  ],
  "version" : 2
}
